# THIS IS AN AUTOGENERATED FILE. DO NOT EDIT THIS FILE DIRECTLY.
# yarn lockfile v1


virtual-proxy@^0.0.11:
  version "0.0.11"
  resolved "https://registry.yarnpkg.com/virtual-proxy/-/virtual-proxy-0.0.11.tgz#b700475681458a4c840f771c215493b2618f0c20"
  integrity sha512-iPfJuEJ+cFJyKhL7KdxI9IreLVm1tXRrsSRqCnK7GrKG9H9vwE8bJpssQCwzLVlWqimTXSUoiLrBllXhOI0acQ==
